{
    "_readme": [
        "This file locks the dependencies of your project to a known state",
        "Read more about it at https://getcomposer.org/doc/01-basic-usage.md#installing-dependencies",
        "This file is @generated automatically"
    ],
    "content-hash": "4f8c0438e306873f2a2a0ca00c9ba78c",
    "packages": [
        {
            "name": "mikepultz/netdns2",
            "version": "v2.0.8",
            "source": {
                "type": "git",
                "url": "https://github.com/mikepultz/netdns2.git",
                "reference": "37dcffabf099a33871a9870834a6976f92d4b2ec"
            },
            "dist": {
                "type": "zip",
                "url": "https://api.github.com/repos/mikepultz/netdns2/zipball/37dcffabf099a33871a9870834a6976f92d4b2ec",
                "reference": "37dcffabf099a33871a9870834a6976f92d4b2ec",
                "shasum": ""
            },
            "require": {
                "php": ">=8.1"
            },
            "replace": {
                "pear/net_dns2": "*"
            },
            "require-dev": {
                "phpunit/phpunit": "^10"
            },
            "suggest": {
                "ext-curl": "Used for DNS over HTTPS (DoH)",
                "ext-hash": "Used for TSIG authentication.",
                "ext-intl": "Used for decoding Unicode domain names.",
                "ext-openssl": "Used for DNS over TLS (DoT), and some DNSSEC verification."
            },
            "type": "library",
            "autoload": {
                "psr-4": {
                    "NetDNS2\\": "src/NetDNS2/"
                }
            },
            "notification-url": "https://packagist.org/downloads/",
            "license": [
                "MIT"
            ],
            "authors": [
                {
                    "name": "Mike Pultz",
                    "email": "mike@mikepultz.com",
                    "homepage": "https://mikepultz.com/",
                    "role": "lead"
                }
            ],
            "description": "PHP DNS Resolver and Updater Library",
            "homepage": "https://netdns2.com/",
            "keywords": [
                "DNSSEC",
                "dns",
                "network"
            ],
            "support": {
                "issues": "https://github.com/mikepultz/netdns2/issues",
                "source": "https://github.com/mikepultz/netdns2"
            },
            "funding": [
                {
                    "url": "https://github.com/mikepultz",
                    "type": "github"
                }
            ],
            "time": "2026-02-27T18:52:42+00:00"
        }
    ],
    "packages-dev": [],
    "aliases": [],
    "minimum-stability": "stable",
    "stability-flags": {},
    "prefer-stable": false,
    "prefer-lowest": false,
    "platform": {},
    "platform-dev": {},
    "plugin-api-version": "2.9.0"
}
